// !$*UTF8*$!
{
	archiveVersion = 1;
	classes = {
	};
	objectVersion = 50;
	objects = {

/* Begin PBXBuildFile section */
		242F153725A806D40067DC79 /* SignUpApp.swift in Sources */ = {isa = PBXBuildFile; fileRef = 242F152425A806A30067DC79 /* SignUpApp.swift */; };
		242F153825A806D40067DC79 /* SignUpApp.swift in Sources */ = {isa = PBXBuildFile; fileRef = 242F152425A806A30067DC79 /* SignUpApp.swift */; };
		242F153925A806D40067DC79 /* ContentView.swift in Sources */ = {isa = PBXBuildFile; fileRef = 242F152525A806A40067DC79 /* ContentView.swift */; };
		242F153A25A806D40067DC79 /* ContentView.swift in Sources */ = {isa = PBXBuildFile; fileRef = 242F152525A806A40067DC79 /* ContentView.swift */; };
		242F153B25A806D40067DC79 /* Assets.xcassets in Resources */ = {isa = PBXBuildFile; fileRef = 242F152625A806D30067DC79 /* Assets.xcassets */; };
		242F153C25A806D40067DC79 /* Assets.xcassets in Resources */ = {isa = PBXBuildFile; fileRef = 242F152625A806D30067DC79 /* Assets.xcassets */; };
		242F154825A808290067DC79 /* SignUpView.swift in Sources */ = {isa = PBXBuildFile; fileRef = 242F154725A808290067DC79 /* SignUpView.swift */; };
		242F154925A808290067DC79 /* SignUpView.swift in Sources */ = {isa = PBXBuildFile; fileRef = 242F154725A808290067DC79 /* SignUpView.swift */; };
		242F154D25AA33EB0067DC79 /* FormFieldDisable.swift in Sources */ = {isa = PBXBuildFile; fileRef = 242F154C25AA33EB0067DC79 /* FormFieldDisable.swift */; };
		242F154E25AA33EC0067DC79 /* FormFieldDisable.swift in Sources */ = {isa = PBXBuildFile; fileRef = 242F154C25AA33EB0067DC79 /* FormFieldDisable.swift */; };
		242F155225AABF9A0067DC79 /* HomeView.swift in Sources */ = {isa = PBXBuildFile; fileRef = 242F155125AABF9A0067DC79 /* HomeView.swift */; };
		242F155325AABF9A0067DC79 /* HomeView.swift in Sources */ = {isa = PBXBuildFile; fileRef = 242F155125AABF9A0067DC79 /* HomeView.swift */; };
		242F155725AAC5140067DC79 /* ArticleView.swift in Sources */ = {isa = PBXBuildFile; fileRef = 242F155625AAC5120067DC79 /* ArticleView.swift */; };
		242F155825AAC5150067DC79 /* ArticleView.swift in Sources */ = {isa = PBXBuildFile; fileRef = 242F155625AAC5120067DC79 /* ArticleView.swift */; };
		242F155C25AAC5770067DC79 /* Currency.swift in Sources */ = {isa = PBXBuildFile; fileRef = 242F155B25AAC5770067DC79 /* Currency.swift */; };
		242F155D25AAC5770067DC79 /* Currency.swift in Sources */ = {isa = PBXBuildFile; fileRef = 242F155B25AAC5770067DC79 /* Currency.swift */; };
/* End PBXBuildFile section */

/* Begin PBXFileReference section */
		242F152425A806A30067DC79 /* SignUpApp.swift */ = {isa = PBXFileReference; lastKnownFileType = sourcecode.swift; path = SignUpApp.swift; sourceTree = "<group>"; };
		242F152525A806A40067DC79 /* ContentView.swift */ = {isa = PBXFileReference; lastKnownFileType = sourcecode.swift; path = ContentView.swift; sourceTree = "<group>"; };
		242F152625A806D30067DC79 /* Assets.xcassets */ = {isa = PBXFileReference; lastKnownFileType = folder.assetcatalog; path = Assets.xcassets; sourceTree = "<group>"; };
		242F152B25A806D30067DC79 /* SignUp.app */ = {isa = PBXFileReference; explicitFileType = wrapper.application; includeInIndex = 0; path = SignUp.app; sourceTree = BUILT_PRODUCTS_DIR; };
		242F152E25A806D40067DC79 /* Info.plist */ = {isa = PBXFileReference; lastKnownFileType = text.plist.xml; path = Info.plist; sourceTree = "<group>"; };
		242F153325A806D40067DC79 /* SignUp.app */ = {isa = PBXFileReference; explicitFileType = wrapper.application; includeInIndex = 0; path = SignUp.app; sourceTree = BUILT_PRODUCTS_DIR; };
		242F153525A806D40067DC79 /* Info.plist */ = {isa = PBXFileReference; lastKnownFileType = text.plist.xml; path = Info.plist; sourceTree = "<group>"; };
		242F153625A806D40067DC79 /* macOS.entitlements */ = {isa = PBXFileReference; lastKnownFileType = text.plist.entitlements; path = macOS.entitlements; sourceTree = "<group>"; };
		242F154725A808290067DC79 /* SignUpView.swift */ = {isa = PBXFileReference; lastKnownFileType = sourcecode.swift; path = SignUpView.swift; sourceTree = "<group>"; };
		242F154C25AA33EB0067DC79 /* FormFieldDisable.swift */ = {isa = PBXFileReference; lastKnownFileType = sourcecode.swift; path = FormFieldDisable.swift; sourceTree = "<group>"; };
		242F155125AABF9A0067DC79 /* HomeView.swift */ = {isa = PBXFileReference; lastKnownFileType = sourcecode.swift; path = HomeView.swift; sourceTree = "<group>"; };
		242F155625AAC5120067DC79 /* ArticleView.swift */ = {isa = PBXFileReference; lastKnownFileType = sourcecode.swift; path = ArticleView.swift; sourceTree = "<group>"; };
		242F155B25AAC5770067DC79 /* Currency.swift */ = {isa = PBXFileReference; lastKnownFileType = sourcecode.swift; path = Currency.swift; sourceTree = "<group>"; };
/* End PBXFileReference section */

/* Begin PBXFrameworksBuildPhase section */
		242F152825A806D30067DC79 /* Frameworks */ = {
			isa = PBXFrameworksBuildPhase;
			buildActionMask = 2147483647;
			files = (
			);
			runOnlyForDeploymentPostprocessing = 0;
		};
		242F153025A806D40067DC79 /* Frameworks */ = {
			isa = PBXFrameworksBuildPhase;
			buildActionMask = 2147483647;
			files = (
			);
			runOnlyForDeploymentPostprocessing = 0;
		};
/* End PBXFrameworksBuildPhase section */

/* Begin PBXGroup section */
		242F151E25A806A00067DC79 = {
			isa = PBXGroup;
			children = (
				242F152325A806A20067DC79 /* Shared */,
				242F152D25A806D30067DC79 /* iOS */,
				242F153425A806D40067DC79 /* macOS */,
				242F152C25A806D30067DC79 /* Products */,
			);
			sourceTree = "<group>";
		};
		242F152325A806A20067DC79 /* Shared */ = {
			isa = PBXGroup;
			children = (
				242F152425A806A30067DC79 /* SignUpApp.swift */,
				242F152525A806A40067DC79 /* ContentView.swift */,
				242F154725A808290067DC79 /* SignUpView.swift */,
				242F154C25AA33EB0067DC79 /* FormFieldDisable.swift */,
				242F155125AABF9A0067DC79 /* HomeView.swift */,
				242F155625AAC5120067DC79 /* ArticleView.swift */,
				242F155B25AAC5770067DC79 /* Currency.swift */,
				242F152625A806D30067DC79 /* Assets.xcassets */,
			);
			path = Shared;
			sourceTree = "<group>";
		};
		242F152C25A806D30067DC79 /* Products */ = {
			isa = PBXGroup;
			children = (
				242F152B25A806D30067DC79 /* SignUp.app */,
				242F153325A806D40067DC79 /* SignUp.app */,
			);
			name = Products;
			sourceTree = "<group>";
		};
		242F152D25A806D30067DC79 /* iOS */ = {
			isa = PBXGroup;
			children = (
				242F152E25A806D40067DC79 /* Info.plist */,
			);
			path = iOS;
			sourceTree = "<group>";
		};
		242F153425A806D40067DC79 /* macOS */ = {
			isa = PBXGroup;
			children = (
				242F153525A806D40067DC79 /* Info.plist */,
				242F153625A806D40067DC79 /* macOS.entitlements */,
			);
			path = macOS;
			sourceTree = "<group>";
		};
/* End PBXGroup section */

/* Begin PBXNativeTarget section */
		242F152A25A806D30067DC79 /* SignUp (iOS) */ = {
			isa = PBXNativeTarget;
			buildConfigurationList = 242F153F25A806D40067DC79 /* Build configuration list for PBXNativeTarget "SignUp (iOS)" */;
			buildPhases = (
				242F152725A806D30067DC79 /* Sources */,
				242F152825A806D30067DC79 /* Frameworks */,
				242F152925A806D30067DC79 /* Resources */,
			);
			buildRules = (
			);
			dependencies = (
			);
			name = "SignUp (iOS)";
			productName = "SignUp (iOS)";
			productReference = 242F152B25A806D30067DC79 /* SignUp.app */;
			productType = "com.apple.product-type.application";
		};
		242F153225A806D40067DC79 /* SignUp (macOS) */ = {
			isa = PBXNativeTarget;
			buildConfigurationList = 242F154225A806D40067DC79 /* Build configuration list for PBXNativeTarget "SignUp (macOS)" */;
			buildPhases = (
				242F152F25A806D40067DC79 /* Sources */,
				242F153025A806D40067DC79 /* Frameworks */,
				242F153125A806D40067DC79 /* Resources */,
			);
			buildRules = (
			);
			dependencies = (
			);
			name = "SignUp (macOS)";
			productName = "SignUp (macOS)";
			productReference = 242F153325A806D40067DC79 /* SignUp.app */;
			productType = "com.apple.product-type.application";
		};
/* End PBXNativeTarget section */

/* Begin PBXProject section */
		242F151F25A806A00067DC79 /* Project object */ = {
			isa = PBXProject;
			attributes = {
				LastSwiftUpdateCheck = 1220;
				LastUpgradeCheck = 1220;
				TargetAttributes = {
					242F152A25A806D30067DC79 = {
						CreatedOnToolsVersion = 12.2;
					};
					242F153225A806D40067DC79 = {
						CreatedOnToolsVersion = 12.2;
					};
				};
			};
			buildConfigurationList = 242F152225A806A00067DC79 /* Build configuration list for PBXProject "SignUp" */;
			compatibilityVersion = "Xcode 9.3";
			developmentRegion = en;
			hasScannedForEncodings = 0;
			knownRegions = (
				en,
				Base,
			);
			mainGroup = 242F151E25A806A00067DC79;
			productRefGroup = 242F152C25A806D30067DC79 /* Products */;
			projectDirPath = "";
			projectRoot = "";
			targets = (
				242F152A25A806D30067DC79 /* SignUp (iOS) */,
				242F153225A806D40067DC79 /* SignUp (macOS) */,
			);
		};
/* End PBXProject section */

/* Begin PBXResourcesBuildPhase section */
		242F152925A806D30067DC79 /* Resources */ = {
			isa = PBXResourcesBuildPhase;
			buildActionMask = 2147483647;
			files = (
				242F153B25A806D40067DC79 /* Assets.xcassets in Resources */,
			);
			runOnlyForDeploymentPostprocessing = 0;
		};
		242F153125A806D40067DC79 /* Resources */ = {
			isa = PBXResourcesBuildPhase;
			buildActionMask = 2147483647;
			files = (
				242F153C25A806D40067DC79 /* Assets.xcassets in Resources */,
			);
			runOnlyForDeploymentPostprocessing = 0;
		};
/* End PBXResourcesBuildPhase section */

/* Begin PBXSourcesBuildPhase section */
		242F152725A806D30067DC79 /* Sources */ = {
			isa = PBXSourcesBuildPhase;
			buildActionMask = 2147483647;
			files = (
				242F153925A806D40067DC79 /* ContentView.swift in Sources */,
				242F155725AAC5140067DC79 /* ArticleView.swift in Sources */,
				242F154D25AA33EB0067DC79 /* FormFieldDisable.swift in Sources */,
				242F154825A808290067DC79 /* SignUpView.swift in Sources */,
				242F155225AABF9A0067DC79 /* HomeView.swift in Sources */,
				242F155C25AAC5770067DC79 /* Currency.swift in Sources */,
				242F153725A806D40067DC79 /* SignUpApp.swift in Sources */,
			);
			runOnlyForDeploymentPostprocessing = 0;
		};
		242F152F25A806D40067DC79 /* Sources */ = {
			isa = PBXSourcesBuildPhase;
			buildActionMask = 2147483647;
			files = (
				242F153A25A806D40067DC79 /* ContentView.swift in Sources */,
				242F155825AAC5150067DC79 /* ArticleView.swift in Sources */,
				242F154E25AA33EC0067DC79 /* FormFieldDisable.swift in Sources */,
				242F154925A808290067DC79 /* SignUpView.swift in Sources */,
				242F155325AABF9A0067DC79 /* HomeView.swift in Sources */,
				242F155D25AAC5770067DC79 /* Currency.swift in Sources */,
				242F153825A806D40067DC79 /* SignUpApp.swift in Sources */,
			);
			runOnlyForDeploymentPostprocessing = 0;
		};
/* End PBXSourcesBuildPhase section */

/* Begin XCBuildConfiguration section */
		242F153D25A806D40067DC79 /* Debug */ = {
			isa = XCBuildConfiguration;
			buildSettings = {
				ALWAYS_SEARCH_USER_PATHS = NO;
				CLANG_ANALYZER_NONNULL = YES;
				CLANG_ANALYZER_NUMBER_OBJECT_CONVERSION = YES_AGGRESSIVE;
				CLANG_CXX_LANGUAGE_STANDARD = "gnu++14";
				CLANG_CXX_LIBRARY = "libc++";
				CLANG_ENABLE_MODULES = YES;
				CLANG_ENABLE_OBJC_ARC = YES;
				CLANG_ENABLE_OBJC_WEAK = YES;
				CLANG_WARN_BLOCK_CAPTURE_AUTORELEASING = YES;
				CLANG_WARN_BOOL_CONVERSION = YES;
				CLANG_WARN_COMMA = YES;
				CLANG_WARN_CONSTANT_CONVERSION = YES;
				CLANG_WARN_DEPRECATED_OBJC_IMPLEMENTATIONS = YES;
				CLANG_WARN_DIRECT_OBJC_ISA_USAGE = YES_ERROR;
				CLANG_WARN_DOCUMENTATION_COMMENTS = YES;
				CLANG_WARN_EMPTY_BODY = YES;
				CLANG_WARN_ENUM_CONVERSION = YES;
				CLANG_WARN_INFINITE_RECURSION = YES;
				CLANG_WARN_INT_CONVERSION = YES;
				CLANG_WARN_NON_LITERAL_NULL_CONVERSION = YES;
				CLANG_WARN_OBJC_IMPLICIT_RETAIN_SELF = YES;
				CLANG_WARN_OBJC_LITERAL_CONVERSION = YES;
				CLANG_WARN_OBJC_ROOT_CLASS = YES_ERROR;
				CLANG_WARN_QUOTED_INCLUDE_IN_FRAMEWORK_HEADER = YES;
				CLANG_WARN_RANGE_LOOP_ANALYSIS = YES;
				CLANG_WARN_STRICT_PROTOTYPES = YES;
				CLANG_WARN_SUSPICIOUS_MOVE = YES;
				CLANG_WARN_UNGUARDED_AVAILABILITY = YES_AGGRESSIVE;
				CLANG_WARN_UNREACHABLE_CODE = YES;
				CLANG_WARN__DUPLICATE_METHOD_MATCH = YES;
				COPY_PHASE_STRIP = NO;
				DEBUG_INFORMATION_FORMAT = dwarf;
				ENABLE_STRICT_OBJC_MSGSEND = YES;
				ENABLE_TESTABILITY = YES;
				GCC_C_LANGUAGE_STANDARD = gnu11;
				GCC_DYNAMIC_NO_PIC = NO;
				GCC_NO_COMMON_BLOCKS = YES;
				GCC_OPTIMIZATION_LEVEL = 0;
				GCC_PREPROCESSOR_DEFINITIONS = (
					"DEBUG=1",
					"$(inherited)",
				);
				GCC_WARN_64_TO_32_BIT_CONVERSION = YES;
				GCC_WARN_ABOUT_RETURN_TYPE = YES_ERROR;
				GCC_WARN_UNDECLARED_SELECTOR = YES;
				GCC_WARN_UNINITIALIZED_AUTOS = YES_AGGRESSIVE;
				GCC_WARN_UNUSED_FUNCTION = YES;
				GCC_WARN_UNUSED_VARIABLE = YES;
				MTL_ENABLE_DEBUG_INFO = INCLUDE_SOURCE;
				MTL_FAST_MATH = YES;
				ONLY_ACTIVE_ARCH = YES;
				SWIFT_ACTIVE_COMPILATION_CONDITIONS = DEBUG;
				SWIFT_OPTIMIZATION_LEVEL = "-Onone";
			};
			name = Debug;
		};
		242F153E25A806D40067DC79 /* Release */ = {
			isa = XCBuildConfiguration;
			buildSettings = {
				ALWAYS_SEARCH_USER_PATHS = NO;
				CLANG_ANALYZER_NONNULL = YES;
				CLANG_ANALYZER_NUMBER_OBJECT_CONVERSION = YES_AGGRESSIVE;
				CLANG_CXX_LANGUAGE_STANDARD = "gnu++14";
				CLANG_CXX_LIBRARY = "libc++";
				CLANG_ENABLE_MODULES = YES;
				CLANG_ENABLE_OBJC_ARC = YES;
				CLANG_ENABLE_OBJC_WEAK = YES;
				CLANG_WARN_BLOCK_CAPTURE_AUTORELEASING = YES;
				CLANG_WARN_BOOL_CONVERSION = YES;
				CLANG_WARN_COMMA = YES;
				CLANG_WARN_CONSTANT_CONVERSION = YES;
				CLANG_WARN_DEPRECATED_OBJC_IMPLEMENTATIONS = YES;
				CLANG_WARN_DIRECT_OBJC_ISA_USAGE = YES_ERROR;
				CLANG_WARN_DOCUMENTATION_COMMENTS = YES;
				CLANG_WARN_EMPTY_BODY = YES;
				CLANG_WARN_ENUM_CONVERSION = YES;
				CLANG_WARN_INFINITE_RECURSION = YES;
				CLANG_WARN_INT_CONVERSION = YES;
				CLANG_WARN_NON_LITERAL_NULL_CONVERSION = YES;
				CLANG_WARN_OBJC_IMPLICIT_RETAIN_SELF = YES;
				CLANG_WARN_OBJC_LITERAL_CONVERSION = YES;
				CLANG_WARN_OBJC_ROOT_CLASS = YES_ERROR;
				CLANG_WARN_QUOTED_INCLUDE_IN_FRAMEWORK_HEADER = YES;
				CLANG_WARN_RANGE_LOOP_ANALYSIS = YES;
				CLANG_WARN_STRICT_PROTOTYPES = YES;
				CLANG_WARN_SUSPICIOUS_MOVE = YES;
				CLANG_WARN_UNGUARDED_AVAILABILITY = YES_AGGRESSIVE;
				CLANG_WARN_UNREACHABLE_CODE = YES;
				CLANG_WARN__DUPLICATE_METHOD_MATCH = YES;
				COPY_PHASE_STRIP = NO;
				DEBUG_INFORMATION_FORMAT = "dwarf-with-dsym";
				ENABLE_NS_ASSERTIONS = NO;
				ENABLE_STRICT_OBJC_MSGSEND = YES;
				GCC_C_LANGUAGE_STANDARD = gnu11;
				GCC_NO_COMMON_BLOCKS = YES;
				GCC_WARN_64_TO_32_BIT_CONVERSION = YES;
				GCC_WARN_ABOUT_RETURN_TYPE = YES_ERROR;
				GCC_WARN_UNDECLARED_SELECTOR = YES;
				GCC_WARN_UNINITIALIZED_AUTOS = YES_AGGRESSIVE;
				GCC_WARN_UNUSED_FUNCTION = YES;
				GCC_WARN_UNUSED_VARIABLE = YES;
				MTL_ENABLE_DEBUG_INFO = NO;
				MTL_FAST_MATH = YES;
				SWIFT_COMPILATION_MODE = wholemodule;
				SWIFT_OPTIMIZATION_LEVEL = "-O";
			};
			name = Release;
		};
		242F154025A806D40067DC79 /* Debug */ = {
			isa = XCBuildConfiguration;
			buildSettings = {
				ASSETCATALOG_COMPILER_APPICON_NAME = AppIcon;
				ASSETCATALOG_COMPILER_GLOBAL_ACCENT_COLOR_NAME = AccentColor;
				CODE_SIGN_STYLE = Automatic;
				DEVELOPMENT_TEAM = 4Q6S759NWS;
				ENABLE_PREVIEWS = YES;
				INFOPLIST_FILE = iOS/Info.plist;
				IPHONEOS_DEPLOYMENT_TARGET = 14.0;
				LD_RUNPATH_SEARCH_PATHS = (
					"$(inherited)",
					"@executable_path/Frameworks",
				);
				PRODUCT_BUNDLE_IDENTIFIER = Temi.SignUp;
				PRODUCT_NAME = SignUp;
				SDKROOT = iphoneos;
				SWIFT_VERSION = 5.0;
				TARGETED_DEVICE_FAMILY = "1,2";
			};
			name = Debug;
		};
		242F154125A806D40067DC79 /* Release */ = {
			isa = XCBuildConfiguration;
			buildSettings = {
				ASSETCATALOG_COMPILER_APPICON_NAME = AppIcon;
				ASSETCATALOG_COMPILER_GLOBAL_ACCENT_COLOR_NAME = AccentColor;
				CODE_SIGN_STYLE = Automatic;
				DEVELOPMENT_TEAM = 4Q6S759NWS;
				ENABLE_PREVIEWS = YES;
				INFOPLIST_FILE = iOS/Info.plist;
				IPHONEOS_DEPLOYMENT_TARGET = 14.0;
				LD_RUNPATH_SEARCH_PATHS = (
					"$(inherited)",
					"@executable_path/Frameworks",
				);
				PRODUCT_BUNDLE_IDENTIFIER = Temi.SignUp;
				PRODUCT_NAME = SignUp;
				SDKROOT = iphoneos;
				SWIFT_VERSION = 5.0;
				TARGETED_DEVICE_FAMILY = "1,2";
				VALIDATE_PRODUCT = YES;
			};
			name = Release;
		};
		242F154325A806D40067DC79 /* Debug */ = {
			isa = XCBuildConfiguration;
			buildSettings = {
				ASSETCATALOG_COMPILER_APPICON_NAME = AppIcon;
				ASSETCATALOG_COMPILER_GLOBAL_ACCENT_COLOR_NAME = AccentColor;
				CODE_SIGN_ENTITLEMENTS = macOS/macOS.entitlements;
				CODE_SIGN_STYLE = Automatic;
				COMBINE_HIDPI_IMAGES = YES;
				DEVELOPMENT_TEAM = 4Q6S759NWS;
				ENABLE_HARDENED_RUNTIME = YES;
				ENABLE_PREVIEWS = YES;
				INFOPLIST_FILE = macOS/Info.plist;
				LD_RUNPATH_SEARCH_PATHS = (
					"$(inherited)",
					"@executable_path/../Frameworks",
				);
				MACOSX_DEPLOYMENT_TARGET = 11.0;
				PRODUCT_BUNDLE_IDENTIFIER = Temi.SignUp;
				PRODUCT_NAME = SignUp;
				SDKROOT = macosx;
				SWIFT_VERSION = 5.0;
			};
			name = Debug;
		};
		242F154425A806D40067DC79 /* Release */ = {
			isa = XCBuildConfiguration;
			buildSettings = {
				ASSETCATALOG_COMPILER_APPICON_NAME = AppIcon;
				ASSETCATALOG_COMPILER_GLOBAL_ACCENT_COLOR_NAME = AccentColor;
				CODE_SIGN_ENTITLEMENTS = macOS/macOS.entitlements;
				CODE_SIGN_STYLE = Automatic;
				COMBINE_HIDPI_IMAGES = YES;
				DEVELOPMENT_TEAM = 4Q6S759NWS;
				ENABLE_HARDENED_RUNTIME = YES;
				ENABLE_PREVIEWS = YES;
				INFOPLIST_FILE = macOS/Info.plist;
				LD_RUNPATH_SEARCH_PATHS = (
					"$(inherited)",
					"@executable_path/../Frameworks",
				);
				MACOSX_DEPLOYMENT_TARGET = 11.0;
				PRODUCT_BUNDLE_IDENTIFIER = Temi.SignUp;
				PRODUCT_NAME = SignUp;
				SDKROOT = macosx;
				SWIFT_VERSION = 5.0;
			};
			name = Release;
		};
/* End XCBuildConfiguration section */

/* Begin XCConfigurationList section */
		242F152225A806A00067DC79 /* Build configuration list for PBXProject "SignUp" */ = {
			isa = XCConfigurationList;
			buildConfigurations = (
				242F153D25A806D40067DC79 /* Debug */,
				242F153E25A806D40067DC79 /* Release */,
			);
			defaultConfigurationIsVisible = 0;
			defaultConfigurationName = Release;
		};
		242F153F25A806D40067DC79 /* Build configuration list for PBXNativeTarget "SignUp (iOS)" */ = {
			isa = XCConfigurationList;
			buildConfigurations = (
				242F154025A806D40067DC79 /* Debug */,
				242F154125A806D40067DC79 /* Release */,
			);
			defaultConfigurationIsVisible = 0;
			defaultConfigurationName = Release;
		};
		242F154225A806D40067DC79 /* Build configuration list for PBXNativeTarget "SignUp (macOS)" */ = {
			isa = XCConfigurationList;
			buildConfigurations = (
				242F154325A806D40067DC79 /* Debug */,
				242F154425A806D40067DC79 /* Release */,
			);
			defaultConfigurationIsVisible = 0;
			defaultConfigurationName = Release;
		};
/* End XCConfigurationList section */
	};
	rootObject = 242F151F25A806A00067DC79 /* Project object */;
}
